{
  "name": "rpnh-net-viewer-build",
  "version": "0.1.0",
  "lockfileVersion": 3,
  "requires": true,
  "packages": {
    "": {
      "name": "rpnh-net-viewer-build",
      "version": "0.1.0",
      "dependencies": {
        "@joint/core": "4.3.1",
        "elkjs": "0.12.0"
      },
      "engines": {
        "node": ">=22"
      }
    },
    "node_modules/@joint/core": {
      "version": "4.3.1",
      "resolved": "https://registry.npmjs.org/@joint/core/-/core-4.3.1.tgz",
      "integrity": "sha512-ikJchpM0Ux9v7CmcR7VQhu2YGS97xrZKjF+rN8nL5XE8ZYf+pSW4Zb0J0+/1AGEvjESN2ppwcJVyxVMbyJ+2XQ==",
      "license": "MPL-2.0"
    },
    "node_modules/elkjs": {
      "version": "0.12.0",
      "resolved": "https://registry.npmjs.org/elkjs/-/elkjs-0.12.0.tgz",
      "integrity": "sha512-YZcKynxVxYoKIOEpywEPwCFdg+BTbxQRNf3pbwdDCvc8O3kQD8bmIwSxKU1eOTVc4Xo+VG9Te+575mlfvOrhEQ==",
      "license": "EPL-2.0 OR GPL-3.0-or-later"
    }
  }
}
